
Microsoft Visual Studio Solution File, Format Version 12.00
# Visual Studio Version 16
VisualStudioVersion = 16.0.30225.117
MinimumVisualStudioVersion = 10.0.40219.1
Project("{9A19103F-16F7-4668-BE54-9A1E7A4F7556}") = "Commander", "API\Commander.csproj", "{5B54FB5D-31A3-4422-A30A-402351B0DBF5}"
EndProject
Project("{9A19103F-16F7-4668-BE54-9A1E7A4F7556}") = "commander-api-test", "commander-api-test\commander-api-test.csproj", "{7E8C5F98-28E1-4259-89F2-59F1EC86FF3C}"
EndProject
Global
	GlobalSection(SolutionConfigurationPlatforms) = preSolution
		Debug|Any CPU = Debug|Any CPU
		Release|Any CPU = Release|Any CPU
	EndGlobalSection
	GlobalSection(ProjectConfigurationPlatforms) = postSolution
		{5B54FB5D-31A3-4422-A30A-402351B0DBF5}.Debug|Any CPU.ActiveCfg = Debug|Any CPU
		{5B54FB5D-31A3-4422-A30A-402351B0DBF5}.Debug|Any CPU.Build.0 = Debug|Any CPU
		{5B54FB5D-31A3-4422-A30A-402351B0DBF5}.Release|Any CPU.ActiveCfg = Release|Any CPU
		{5B54FB5D-31A3-4422-A30A-402351B0DBF5}.Release|Any CPU.Build.0 = Release|Any CPU
		{7E8C5F98-28E1-4259-89F2-59F1EC86FF3C}.Debug|Any CPU.ActiveCfg = Debug|Any CPU
		{7E8C5F98-28E1-4259-89F2-59F1EC86FF3C}.Debug|Any CPU.Build.0 = Debug|Any CPU
		{7E8C5F98-28E1-4259-89F2-59F1EC86FF3C}.Release|Any CPU.ActiveCfg = Release|Any CPU
		{7E8C5F98-28E1-4259-89F2-59F1EC86FF3C}.Release|Any CPU.Build.0 = Release|Any CPU
	EndGlobalSection
	GlobalSection(SolutionProperties) = preSolution
		HideSolutionNode = FALSE
	EndGlobalSection
	GlobalSection(ExtensibilityGlobals) = postSolution
		SolutionGuid = {37E75008-63C8-4C5A-893E-0168EB5DB1A3}
	EndGlobalSection
EndGlobal
